
Microsoft Visual Studio Solution File, Format Version 12.00
# Visual Studio 2012
Project("{8BC9CEB8-8B4A-11D0-8D11-00A0C91BC942}") = "Problem_12", "Problem_12\Problem_12.vcxproj", "{A10858E6-1C69-4FBC-AC14-505B9A5ACC5E}"
EndProject
Global
	GlobalSection(SolutionConfigurationPlatforms) = preSolution
		Debug|Win32 = Debug|Win32
		Release|Win32 = Release|Win32
	EndGlobalSection
	GlobalSection(ProjectConfigurationPlatforms) = postSolution
		{A10858E6-1C69-4FBC-AC14-505B9A5ACC5E}.Debug|Win32.ActiveCfg = Debug|Win32
		{A10858E6-1C69-4FBC-AC14-505B9A5ACC5E}.Debug|Win32.Build.0 = Debug|Win32
		{A10858E6-1C69-4FBC-AC14-505B9A5ACC5E}.Release|Win32.ActiveCfg = Release|Win32
		{A10858E6-1C69-4FBC-AC14-505B9A5ACC5E}.Release|Win32.Build.0 = Release|Win32
	EndGlobalSection
	GlobalSection(SolutionProperties) = preSolution
		HideSolutionNode = FALSE
	EndGlobalSection
EndGlobal
